// !$*UTF8*$!
{
	archiveVersion = 1;
	classes = {
	};
	objectVersion = 77;
	objects = {

/* Begin PBXBuildFile section */
		233C79832E5C41EE007664F6 /* ScrollableSegment in Frameworks */ = {isa = PBXBuildFile; productRef = 233C79822E5C41EE007664F6 /* ScrollableSegment */; };
		234D2B312E5C4DCB00BB9F57 /* Yang in Frameworks */ = {isa = PBXBuildFile; productRef = 234D2B302E5C4DCB00BB9F57 /* Yang */; };
		234D2B3C2E5C576A00BB9F57 /* AppDelegate.swift in Sources */ = {isa = PBXBuildFile; fileRef = 234D2B322E5C576A00BB9F57 /* AppDelegate.swift */; };
		234D2B3D2E5C576A00BB9F57 /* SceneDelegate.swift in Sources */ = {isa = PBXBuildFile; fileRef = 234D2B392E5C576A00BB9F57 /* SceneDelegate.swift */; };
		234D2B3E2E5C576A00BB9F57 /* ViewController.swift in Sources */ = {isa = PBXBuildFile; fileRef = 234D2B3A2E5C576A00BB9F57 /* ViewController.swift */; };
		234D2B3F2E5C576A00BB9F57 /* Assets.xcassets in Resources */ = {isa = PBXBuildFile; fileRef = 234D2B332E5C576A00BB9F57 /* Assets.xcassets */; };
		234D2B412E5C576A00BB9F57 /* LaunchScreen.storyboard in Resources */ = {isa = PBXBuildFile; fileRef = 234D2B362E5C576A00BB9F57 /* LaunchScreen.storyboard */; };
		234D2B422E5C576A00BB9F57 /* Main.storyboard in Resources */ = {isa = PBXBuildFile; fileRef = 234D2B382E5C576A00BB9F57 /* Main.storyboard */; };
		234D2B452E5C576E00BB9F57 /* SS_ExampleTests.swift in Sources */ = {isa = PBXBuildFile; fileRef = 234D2B432E5C576E00BB9F57 /* SS_ExampleTests.swift */; };
		234D2B492E5C577000BB9F57 /* SS_ExampleUITests.swift in Sources */ = {isa = PBXBuildFile; fileRef = 234D2B462E5C577000BB9F57 /* SS_ExampleUITests.swift */; };
		234D2B4A2E5C577000BB9F57 /* SS_ExampleUITestsLaunchTests.swift in Sources */ = {isa = PBXBuildFile; fileRef = 234D2B472E5C577000BB9F57 /* SS_ExampleUITestsLaunchTests.swift */; };
/* End PBXBuildFile section */

/* Begin PBXContainerItemProxy section */
		233C794E2E5C4154007664F6 /* PBXContainerItemProxy */ = {
			isa = PBXContainerItemProxy;
			containerPortal = 233C792F2E5C4153007664F6 /* Project object */;
			proxyType = 1;
			remoteGlobalIDString = 233C79362E5C4153007664F6;
			remoteInfo = "SS-Example";
		};
		233C79582E5C4154007664F6 /* PBXContainerItemProxy */ = {
			isa = PBXContainerItemProxy;
			containerPortal = 233C792F2E5C4153007664F6 /* Project object */;
			proxyType = 1;
			remoteGlobalIDString = 233C79362E5C4153007664F6;
			remoteInfo = "SS-Example";
		};
/* End PBXContainerItemProxy section */

/* Begin PBXFileReference section */
		233C79372E5C4153007664F6 /* SS-Example.app */ = {isa = PBXFileReference; explicitFileType = wrapper.application; includeInIndex = 0; path = "SS-Example.app"; sourceTree = BUILT_PRODUCTS_DIR; };
		233C794D2E5C4154007664F6 /* SS-ExampleTests.xctest */ = {isa = PBXFileReference; explicitFileType = wrapper.cfbundle; includeInIndex = 0; path = "SS-ExampleTests.xctest"; sourceTree = BUILT_PRODUCTS_DIR; };
		233C79572E5C4154007664F6 /* SS-ExampleUITests.xctest */ = {isa = PBXFileReference; explicitFileType = wrapper.cfbundle; includeInIndex = 0; path = "SS-ExampleUITests.xctest"; sourceTree = BUILT_PRODUCTS_DIR; };
		234D2B322E5C576A00BB9F57 /* AppDelegate.swift */ = {isa = PBXFileReference; lastKnownFileType = sourcecode.swift; path = AppDelegate.swift; sourceTree = "<group>"; };
		234D2B332E5C576A00BB9F57 /* Assets.xcassets */ = {isa = PBXFileReference; lastKnownFileType = folder.assetcatalog; path = Assets.xcassets; sourceTree = "<group>"; };
		234D2B342E5C576A00BB9F57 /* Info.plist */ = {isa = PBXFileReference; lastKnownFileType = text.plist.xml; path = Info.plist; sourceTree = "<group>"; };
		234D2B352E5C576A00BB9F57 /* Base */ = {isa = PBXFileReference; lastKnownFileType = file.storyboard; name = Base; path = Base.lproj/LaunchScreen.storyboard; sourceTree = "<group>"; };
		234D2B372E5C576A00BB9F57 /* Base */ = {isa = PBXFileReference; lastKnownFileType = file.storyboard; name = Base; path = Base.lproj/Main.storyboard; sourceTree = "<group>"; };
		234D2B392E5C576A00BB9F57 /* SceneDelegate.swift */ = {isa = PBXFileReference; lastKnownFileType = sourcecode.swift; path = SceneDelegate.swift; sourceTree = "<group>"; };
		234D2B3A2E5C576A00BB9F57 /* ViewController.swift */ = {isa = PBXFileReference; lastKnownFileType = sourcecode.swift; path = ViewController.swift; sourceTree = "<group>"; };
		234D2B432E5C576E00BB9F57 /* SS_ExampleTests.swift */ = {isa = PBXFileReference; lastKnownFileType = sourcecode.swift; path = SS_ExampleTests.swift; sourceTree = "<group>"; };
		234D2B462E5C577000BB9F57 /* SS_ExampleUITests.swift */ = {isa = PBXFileReference; lastKnownFileType = sourcecode.swift; path = SS_ExampleUITests.swift; sourceTree = "<group>"; };
		234D2B472E5C577000BB9F57 /* SS_ExampleUITestsLaunchTests.swift */ = {isa = PBXFileReference; lastKnownFileType = sourcecode.swift; path = SS_ExampleUITestsLaunchTests.swift; sourceTree = "<group>"; };
		234D2B4C2E5C580100BB9F57 /* Normal.gif */ = {isa = PBXFileReference; lastKnownFileType = image.gif; path = Normal.gif; sourceTree = "<group>"; };
		234D2B4D2E5C580100BB9F57 /* Progress.gif */ = {isa = PBXFileReference; lastKnownFileType = image.gif; path = Progress.gif; sourceTree = "<group>"; };
/* End PBXFileReference section */

/* Begin PBXFrameworksBuildPhase section */
		233C79342E5C4153007664F6 /* Frameworks */ = {
			isa = PBXFrameworksBuildPhase;
			buildActionMask = 2147483647;
			files = (
				233C79832E5C41EE007664F6 /* ScrollableSegment in Frameworks */,
				234D2B312E5C4DCB00BB9F57 /* Yang in Frameworks */,
			);
			runOnlyForDeploymentPostprocessing = 0;
		};
		233C794A2E5C4154007664F6 /* Frameworks */ = {
			isa = PBXFrameworksBuildPhase;
			buildActionMask = 2147483647;
			files = (
			);
			runOnlyForDeploymentPostprocessing = 0;
		};
		233C79542E5C4154007664F6 /* Frameworks */ = {
			isa = PBXFrameworksBuildPhase;
			buildActionMask = 2147483647;
			files = (
			);
			runOnlyForDeploymentPostprocessing = 0;
		};
/* End PBXFrameworksBuildPhase section */

/* Begin PBXGroup section */
		233C792E2E5C4153007664F6 = {
			isa = PBXGroup;
			children = (
				234D2B3B2E5C576A00BB9F57 /* SS-Example */,
				234D2B442E5C576E00BB9F57 /* SS-ExampleTests */,
				234D2B482E5C577000BB9F57 /* SS-ExampleUITests */,
				233C79B62E5C4C57007664F6 /* Frameworks */,
				233C79382E5C4153007664F6 /* Products */,
			);
			sourceTree = "<group>";
		};
		233C79382E5C4153007664F6 /* Products */ = {
			isa = PBXGroup;
			children = (
				233C79372E5C4153007664F6 /* SS-Example.app */,
				233C794D2E5C4154007664F6 /* SS-ExampleTests.xctest */,
				233C79572E5C4154007664F6 /* SS-ExampleUITests.xctest */,
			);
			name = Products;
			sourceTree = "<group>";
		};
		233C79B62E5C4C57007664F6 /* Frameworks */ = {
			isa = PBXGroup;
			children = (
			);
			name = Frameworks;
			sourceTree = "<group>";
		};
		234D2B3B2E5C576A00BB9F57 /* SS-Example */ = {
			isa = PBXGroup;
			children = (
				234D2B4B2E5C577300BB9F57 /* Resources */,
				234D2B322E5C576A00BB9F57 /* AppDelegate.swift */,
				234D2B332E5C576A00BB9F57 /* Assets.xcassets */,
				234D2B342E5C576A00BB9F57 /* Info.plist */,
				234D2B362E5C576A00BB9F57 /* LaunchScreen.storyboard */,
				234D2B382E5C576A00BB9F57 /* Main.storyboard */,
				234D2B392E5C576A00BB9F57 /* SceneDelegate.swift */,
				234D2B3A2E5C576A00BB9F57 /* ViewController.swift */,
			);
			path = "SS-Example";
			sourceTree = "<group>";
		};
		234D2B442E5C576E00BB9F57 /* SS-ExampleTests */ = {
			isa = PBXGroup;
			children = (
				234D2B432E5C576E00BB9F57 /* SS_ExampleTests.swift */,
			);
			path = "SS-ExampleTests";
			sourceTree = "<group>";
		};
		234D2B482E5C577000BB9F57 /* SS-ExampleUITests */ = {
			isa = PBXGroup;
			children = (
				234D2B462E5C577000BB9F57 /* SS_ExampleUITests.swift */,
				234D2B472E5C577000BB9F57 /* SS_ExampleUITestsLaunchTests.swift */,
			);
			path = "SS-ExampleUITests";
			sourceTree = "<group>";
		};
		234D2B4B2E5C577300BB9F57 /* Resources */ = {
			isa = PBXGroup;
			children = (
				234D2B4C2E5C580100BB9F57 /* Normal.gif */,
				234D2B4D2E5C580100BB9F57 /* Progress.gif */,
			);
			path = Resources;
			sourceTree = "<group>";
		};
/* End PBXGroup section */

/* Begin PBXNativeTarget section */
		233C79362E5C4153007664F6 /* SS-Example */ = {
			isa = PBXNativeTarget;
			buildConfigurationList = 233C79602E5C4154007664F6 /* Build configuration list for PBXNativeTarget "SS-Example" */;
			buildPhases = (
				233C79332E5C4153007664F6 /* Sources */,
				233C79342E5C4153007664F6 /* Frameworks */,
				233C79352E5C4153007664F6 /* Resources */,
			);
			buildRules = (
			);
			dependencies = (
			);
			name = "SS-Example";
			packageProductDependencies = (
				233C79822E5C41EE007664F6 /* ScrollableSegment */,
				234D2B302E5C4DCB00BB9F57 /* Yang */,
			);
			productName = "SS-Example";
			productReference = 233C79372E5C4153007664F6 /* SS-Example.app */;
			productType = "com.apple.product-type.application";
		};
		233C794C2E5C4154007664F6 /* SS-ExampleTests */ = {
			isa = PBXNativeTarget;
			buildConfigurationList = 233C79652E5C4154007664F6 /* Build configuration list for PBXNativeTarget "SS-ExampleTests" */;
			buildPhases = (
				233C79492E5C4154007664F6 /* Sources */,
				233C794A2E5C4154007664F6 /* Frameworks */,
				233C794B2E5C4154007664F6 /* Resources */,
			);
			buildRules = (
			);
			dependencies = (
				233C794F2E5C4154007664F6 /* PBXTargetDependency */,
			);
			name = "SS-ExampleTests";
			packageProductDependencies = (
			);
			productName = "SS-ExampleTests";
			productReference = 233C794D2E5C4154007664F6 /* SS-ExampleTests.xctest */;
			productType = "com.apple.product-type.bundle.unit-test";
		};
		233C79562E5C4154007664F6 /* SS-ExampleUITests */ = {
			isa = PBXNativeTarget;
			buildConfigurationList = 233C79682E5C4154007664F6 /* Build configuration list for PBXNativeTarget "SS-ExampleUITests" */;
			buildPhases = (
				233C79532E5C4154007664F6 /* Sources */,
				233C79542E5C4154007664F6 /* Frameworks */,
				233C79552E5C4154007664F6 /* Resources */,
			);
			buildRules = (
			);
			dependencies = (
				233C79592E5C4154007664F6 /* PBXTargetDependency */,
			);
			name = "SS-ExampleUITests";
			packageProductDependencies = (
			);
			productName = "SS-ExampleUITests";
			productReference = 233C79572E5C4154007664F6 /* SS-ExampleUITests.xctest */;
			productType = "com.apple.product-type.bundle.ui-testing";
		};
/* End PBXNativeTarget section */

/* Begin PBXProject section */
		233C792F2E5C4153007664F6 /* Project object */ = {
			isa = PBXProject;
			attributes = {
				BuildIndependentTargetsInParallel = 1;
				LastSwiftUpdateCheck = 1620;
				LastUpgradeCheck = 1620;
				TargetAttributes = {
					233C79362E5C4153007664F6 = {
						CreatedOnToolsVersion = 16.2;
					};
					233C794C2E5C4154007664F6 = {
						CreatedOnToolsVersion = 16.2;
						TestTargetID = 233C79362E5C4153007664F6;
					};
					233C79562E5C4154007664F6 = {
						CreatedOnToolsVersion = 16.2;
						TestTargetID = 233C79362E5C4153007664F6;
					};
				};
			};
			buildConfigurationList = 233C79322E5C4153007664F6 /* Build configuration list for PBXProject "SS-Example" */;
			developmentRegion = en;
			hasScannedForEncodings = 0;
			knownRegions = (
				en,
				Base,
			);
			mainGroup = 233C792E2E5C4153007664F6;
			minimizedProjectReferenceProxies = 1;
			packageReferences = (
				233C79812E5C41EE007664F6 /* XCLocalSwiftPackageReference "../../ScrollableSegment" */,
				234D2B2F2E5C4DCB00BB9F57 /* XCRemoteSwiftPackageReference "Yang" */,
			);
			preferredProjectObjectVersion = 77;
			productRefGroup = 233C79382E5C4153007664F6 /* Products */;
			projectDirPath = "";
			projectRoot = "";
			targets = (
				233C79362E5C4153007664F6 /* SS-Example */,
				233C794C2E5C4154007664F6 /* SS-ExampleTests */,
				233C79562E5C4154007664F6 /* SS-ExampleUITests */,
			);
		};
/* End PBXProject section */

/* Begin PBXResourcesBuildPhase section */
		233C79352E5C4153007664F6 /* Resources */ = {
			isa = PBXResourcesBuildPhase;
			buildActionMask = 2147483647;
			files = (
				234D2B3F2E5C576A00BB9F57 /* Assets.xcassets in Resources */,
				234D2B412E5C576A00BB9F57 /* LaunchScreen.storyboard in Resources */,
				234D2B422E5C576A00BB9F57 /* Main.storyboard in Resources */,
			);
			runOnlyForDeploymentPostprocessing = 0;
		};
		233C794B2E5C4154007664F6 /* Resources */ = {
			isa = PBXResourcesBuildPhase;
			buildActionMask = 2147483647;
			files = (
			);
			runOnlyForDeploymentPostprocessing = 0;
		};
		233C79552E5C4154007664F6 /* Resources */ = {
			isa = PBXResourcesBuildPhase;
			buildActionMask = 2147483647;
			files = (
			);
			runOnlyForDeploymentPostprocessing = 0;
		};
/* End PBXResourcesBuildPhase section */

/* Begin PBXSourcesBuildPhase section */
		233C79332E5C4153007664F6 /* Sources */ = {
			isa = PBXSourcesBuildPhase;
			buildActionMask = 2147483647;
			files = (
				234D2B3C2E5C576A00BB9F57 /* AppDelegate.swift in Sources */,
				234D2B3D2E5C576A00BB9F57 /* SceneDelegate.swift in Sources */,
				234D2B3E2E5C576A00BB9F57 /* ViewController.swift in Sources */,
			);
			runOnlyForDeploymentPostprocessing = 0;
		};
		233C79492E5C4154007664F6 /* Sources */ = {
			isa = PBXSourcesBuildPhase;
			buildActionMask = 2147483647;
			files = (
				234D2B452E5C576E00BB9F57 /* SS_ExampleTests.swift in Sources */,
			);
			runOnlyForDeploymentPostprocessing = 0;
		};
		233C79532E5C4154007664F6 /* Sources */ = {
			isa = PBXSourcesBuildPhase;
			buildActionMask = 2147483647;
			files = (
				234D2B492E5C577000BB9F57 /* SS_ExampleUITests.swift in Sources */,
				234D2B4A2E5C577000BB9F57 /* SS_ExampleUITestsLaunchTests.swift in Sources */,
			);
			runOnlyForDeploymentPostprocessing = 0;
		};
/* End PBXSourcesBuildPhase section */

/* Begin PBXTargetDependency section */
		233C794F2E5C4154007664F6 /* PBXTargetDependency */ = {
			isa = PBXTargetDependency;
			target = 233C79362E5C4153007664F6 /* SS-Example */;
			targetProxy = 233C794E2E5C4154007664F6 /* PBXContainerItemProxy */;
		};
		233C79592E5C4154007664F6 /* PBXTargetDependency */ = {
			isa = PBXTargetDependency;
			target = 233C79362E5C4153007664F6 /* SS-Example */;
			targetProxy = 233C79582E5C4154007664F6 /* PBXContainerItemProxy */;
		};
/* End PBXTargetDependency section */

/* Begin PBXVariantGroup section */
		234D2B362E5C576A00BB9F57 /* LaunchScreen.storyboard */ = {
			isa = PBXVariantGroup;
			children = (
				234D2B352E5C576A00BB9F57 /* Base */,
			);
			name = LaunchScreen.storyboard;
			sourceTree = "<group>";
		};
		234D2B382E5C576A00BB9F57 /* Main.storyboard */ = {
			isa = PBXVariantGroup;
			children = (
				234D2B372E5C576A00BB9F57 /* Base */,
			);
			name = Main.storyboard;
			sourceTree = "<group>";
		};
/* End PBXVariantGroup section */

/* Begin XCBuildConfiguration section */
		233C79612E5C4154007664F6 /* Debug */ = {
			isa = XCBuildConfiguration;
			buildSettings = {
				ASSETCATALOG_COMPILER_APPICON_NAME = AppIcon;
				ASSETCATALOG_COMPILER_GLOBAL_ACCENT_COLOR_NAME = AccentColor;
				CODE_SIGN_STYLE = Automatic;
				CURRENT_PROJECT_VERSION = 1;
				DEVELOPMENT_TEAM = PSX4HS9SBP;
				GENERATE_INFOPLIST_FILE = YES;
				INFOPLIST_FILE = "SS-Example/Info.plist";
				INFOPLIST_KEY_UIApplicationSupportsIndirectInputEvents = YES;
				INFOPLIST_KEY_UILaunchStoryboardName = LaunchScreen;
				INFOPLIST_KEY_UIMainStoryboardFile = Main;
				INFOPLIST_KEY_UISupportedInterfaceOrientations_iPad = "UIInterfaceOrientationPortrait UIInterfaceOrientationPortraitUpsideDown UIInterfaceOrientationLandscapeLeft UIInterfaceOrientationLandscapeRight";
				INFOPLIST_KEY_UISupportedInterfaceOrientations_iPhone = "UIInterfaceOrientationPortrait UIInterfaceOrientationLandscapeLeft UIInterfaceOrientationLandscapeRight";
				LD_RUNPATH_SEARCH_PATHS = (
					"$(inherited)",
					"@executable_path/Frameworks",
				);
				MARKETING_VERSION = 1.0;
				PRODUCT_BUNDLE_IDENTIFIER = "com.subaiii.SS-Example";
				PRODUCT_NAME = "$(TARGET_NAME)";
				SWIFT_EMIT_LOC_STRINGS = YES;
				SWIFT_VERSION = 5.0;
				TARGETED_DEVICE_FAMILY = "1,2";
			};
			name = Debug;
		};
		233C79622E5C4154007664F6 /* Release */ = {
			isa = XCBuildConfiguration;
			buildSettings = {
				ASSETCATALOG_COMPILER_APPICON_NAME = AppIcon;
				ASSETCATALOG_COMPILER_GLOBAL_ACCENT_COLOR_NAME = AccentColor;
				CODE_SIGN_STYLE = Automatic;
				CURRENT_PROJECT_VERSION = 1;
				DEVELOPMENT_TEAM = PSX4HS9SBP;
				GENERATE_INFOPLIST_FILE = YES;
				INFOPLIST_FILE = "SS-Example/Info.plist";
				INFOPLIST_KEY_UIApplicationSupportsIndirectInputEvents = YES;
				INFOPLIST_KEY_UILaunchStoryboardName = LaunchScreen;
				INFOPLIST_KEY_UIMainStoryboardFile = Main;
				INFOPLIST_KEY_UISupportedInterfaceOrientations_iPad = "UIInterfaceOrientationPortrait UIInterfaceOrientationPortraitUpsideDown UIInterfaceOrientationLandscapeLeft UIInterfaceOrientationLandscapeRight";
				INFOPLIST_KEY_UISupportedInterfaceOrientations_iPhone = "UIInterfaceOrientationPortrait UIInterfaceOrientationLandscapeLeft UIInterfaceOrientationLandscapeRight";
				LD_RUNPATH_SEARCH_PATHS = (
					"$(inherited)",
					"@executable_path/Frameworks",
				);
				MARKETING_VERSION = 1.0;
				PRODUCT_BUNDLE_IDENTIFIER = "com.subaiii.SS-Example";
				PRODUCT_NAME = "$(TARGET_NAME)";
				SWIFT_EMIT_LOC_STRINGS = YES;
				SWIFT_VERSION = 5.0;
				TARGETED_DEVICE_FAMILY = "1,2";
			};
			name = Release;
		};
		233C79632E5C4154007664F6 /* Debug */ = {
			isa = XCBuildConfiguration;
			buildSettings = {
				ALWAYS_SEARCH_USER_PATHS = NO;
				ASSETCATALOG_COMPILER_GENERATE_SWIFT_ASSET_SYMBOL_EXTENSIONS = YES;
				CLANG_ANALYZER_NONNULL = YES;
				CLANG_ANALYZER_NUMBER_OBJECT_CONVERSION = YES_AGGRESSIVE;
				CLANG_CXX_LANGUAGE_STANDARD = "gnu++20";
				CLANG_ENABLE_MODULES = YES;
				CLANG_ENABLE_OBJC_ARC = YES;
				CLANG_ENABLE_OBJC_WEAK = YES;
				CLANG_WARN_BLOCK_CAPTURE_AUTORELEASING = YES;
				CLANG_WARN_BOOL_CONVERSION = YES;
				CLANG_WARN_COMMA = YES;
				CLANG_WARN_CONSTANT_CONVERSION = YES;
				CLANG_WARN_DEPRECATED_OBJC_IMPLEMENTATIONS = YES;
				CLANG_WARN_DIRECT_OBJC_ISA_USAGE = YES_ERROR;
				CLANG_WARN_DOCUMENTATION_COMMENTS = YES;
				CLANG_WARN_EMPTY_BODY = YES;
				CLANG_WARN_ENUM_CONVERSION = YES;
				CLANG_WARN_INFINITE_RECURSION = YES;
				CLANG_WARN_INT_CONVERSION = YES;
				CLANG_WARN_NON_LITERAL_NULL_CONVERSION = YES;
				CLANG_WARN_OBJC_IMPLICIT_RETAIN_SELF = YES;
				CLANG_WARN_OBJC_LITERAL_CONVERSION = YES;
				CLANG_WARN_OBJC_ROOT_CLASS = YES_ERROR;
				CLANG_WARN_QUOTED_INCLUDE_IN_FRAMEWORK_HEADER = YES;
				CLANG_WARN_RANGE_LOOP_ANALYSIS = YES;
				CLANG_WARN_STRICT_PROTOTYPES = YES;
				CLANG_WARN_SUSPICIOUS_MOVE = YES;
				CLANG_WARN_UNGUARDED_AVAILABILITY = YES_AGGRESSIVE;
				CLANG_WARN_UNREACHABLE_CODE = YES;
				CLANG_WARN__DUPLICATE_METHOD_MATCH = YES;
				COPY_PHASE_STRIP = NO;
				DEBUG_INFORMATION_FORMAT = dwarf;
				ENABLE_STRICT_OBJC_MSGSEND = YES;
				ENABLE_TESTABILITY = YES;
				ENABLE_USER_SCRIPT_SANDBOXING = YES;
				GCC_C_LANGUAGE_STANDARD = gnu17;
				GCC_DYNAMIC_NO_PIC = NO;
				GCC_NO_COMMON_BLOCKS = YES;
				GCC_OPTIMIZATION_LEVEL = 0;
				GCC_PREPROCESSOR_DEFINITIONS = (
					"DEBUG=1",
					"$(inherited)",
				);
				GCC_WARN_64_TO_32_BIT_CONVERSION = YES;
				GCC_WARN_ABOUT_RETURN_TYPE = YES_ERROR;
				GCC_WARN_UNDECLARED_SELECTOR = YES;
				GCC_WARN_UNINITIALIZED_AUTOS = YES_AGGRESSIVE;
				GCC_WARN_UNUSED_FUNCTION = YES;
				GCC_WARN_UNUSED_VARIABLE = YES;
				IPHONEOS_DEPLOYMENT_TARGET = 18.2;
				LOCALIZATION_PREFERS_STRING_CATALOGS = YES;
				MTL_ENABLE_DEBUG_INFO = INCLUDE_SOURCE;
				MTL_FAST_MATH = YES;
				ONLY_ACTIVE_ARCH = YES;
				SDKROOT = iphoneos;
				SWIFT_ACTIVE_COMPILATION_CONDITIONS = "DEBUG $(inherited)";
				SWIFT_OPTIMIZATION_LEVEL = "-Onone";
			};
			name = Debug;
		};
		233C79642E5C4154007664F6 /* Release */ = {
			isa = XCBuildConfiguration;
			buildSettings = {
				ALWAYS_SEARCH_USER_PATHS = NO;
				ASSETCATALOG_COMPILER_GENERATE_SWIFT_ASSET_SYMBOL_EXTENSIONS = YES;
				CLANG_ANALYZER_NONNULL = YES;
				CLANG_ANALYZER_NUMBER_OBJECT_CONVERSION = YES_AGGRESSIVE;
				CLANG_CXX_LANGUAGE_STANDARD = "gnu++20";
				CLANG_ENABLE_MODULES = YES;
				CLANG_ENABLE_OBJC_ARC = YES;
				CLANG_ENABLE_OBJC_WEAK = YES;
				CLANG_WARN_BLOCK_CAPTURE_AUTORELEASING = YES;
				CLANG_WARN_BOOL_CONVERSION = YES;
				CLANG_WARN_COMMA = YES;
				CLANG_WARN_CONSTANT_CONVERSION = YES;
				CLANG_WARN_DEPRECATED_OBJC_IMPLEMENTATIONS = YES;
				CLANG_WARN_DIRECT_OBJC_ISA_USAGE = YES_ERROR;
				CLANG_WARN_DOCUMENTATION_COMMENTS = YES;
				CLANG_WARN_EMPTY_BODY = YES;
				CLANG_WARN_ENUM_CONVERSION = YES;
				CLANG_WARN_INFINITE_RECURSION = YES;
				CLANG_WARN_INT_CONVERSION = YES;
				CLANG_WARN_NON_LITERAL_NULL_CONVERSION = YES;
				CLANG_WARN_OBJC_IMPLICIT_RETAIN_SELF = YES;
				CLANG_WARN_OBJC_LITERAL_CONVERSION = YES;
				CLANG_WARN_OBJC_ROOT_CLASS = YES_ERROR;
				CLANG_WARN_QUOTED_INCLUDE_IN_FRAMEWORK_HEADER = YES;
				CLANG_WARN_RANGE_LOOP_ANALYSIS = YES;
				CLANG_WARN_STRICT_PROTOTYPES = YES;
				CLANG_WARN_SUSPICIOUS_MOVE = YES;
				CLANG_WARN_UNGUARDED_AVAILABILITY = YES_AGGRESSIVE;
				CLANG_WARN_UNREACHABLE_CODE = YES;
				CLANG_WARN__DUPLICATE_METHOD_MATCH = YES;
				COPY_PHASE_STRIP = NO;
				DEBUG_INFORMATION_FORMAT = "dwarf-with-dsym";
				ENABLE_NS_ASSERTIONS = NO;
				ENABLE_STRICT_OBJC_MSGSEND = YES;
				ENABLE_USER_SCRIPT_SANDBOXING = YES;
				GCC_C_LANGUAGE_STANDARD = gnu17;
				GCC_NO_COMMON_BLOCKS = YES;
				GCC_WARN_64_TO_32_BIT_CONVERSION = YES;
				GCC_WARN_ABOUT_RETURN_TYPE = YES_ERROR;
				GCC_WARN_UNDECLARED_SELECTOR = YES;
				GCC_WARN_UNINITIALIZED_AUTOS = YES_AGGRESSIVE;
				GCC_WARN_UNUSED_FUNCTION = YES;
				GCC_WARN_UNUSED_VARIABLE = YES;
				IPHONEOS_DEPLOYMENT_TARGET = 18.2;
				LOCALIZATION_PREFERS_STRING_CATALOGS = YES;
				MTL_ENABLE_DEBUG_INFO = NO;
				MTL_FAST_MATH = YES;
				SDKROOT = iphoneos;
				SWIFT_COMPILATION_MODE = wholemodule;
				VALIDATE_PRODUCT = YES;
			};
			name = Release;
		};
		233C79662E5C4154007664F6 /* Debug */ = {
			isa = XCBuildConfiguration;
			buildSettings = {
				BUNDLE_LOADER = "$(TEST_HOST)";
				CODE_SIGN_STYLE = Automatic;
				CURRENT_PROJECT_VERSION = 1;
				DEVELOPMENT_TEAM = R25D8C74JA;
				GENERATE_INFOPLIST_FILE = YES;
				IPHONEOS_DEPLOYMENT_TARGET = 18.2;
				MARKETING_VERSION = 1.0;
				PRODUCT_BUNDLE_IDENTIFIER = "com.subaiii.SS-ExampleTests";
				PRODUCT_NAME = "$(TARGET_NAME)";
				SWIFT_EMIT_LOC_STRINGS = NO;
				SWIFT_VERSION = 5.0;
				TARGETED_DEVICE_FAMILY = "1,2";
				TEST_HOST = "$(BUILT_PRODUCTS_DIR)/SS-Example.app/$(BUNDLE_EXECUTABLE_FOLDER_PATH)/SS-Example";
			};
			name = Debug;
		};
		233C79672E5C4154007664F6 /* Release */ = {
			isa = XCBuildConfiguration;
			buildSettings = {
				BUNDLE_LOADER = "$(TEST_HOST)";
				CODE_SIGN_STYLE = Automatic;
				CURRENT_PROJECT_VERSION = 1;
				DEVELOPMENT_TEAM = R25D8C74JA;
				GENERATE_INFOPLIST_FILE = YES;
				IPHONEOS_DEPLOYMENT_TARGET = 18.2;
				MARKETING_VERSION = 1.0;
				PRODUCT_BUNDLE_IDENTIFIER = "com.subaiii.SS-ExampleTests";
				PRODUCT_NAME = "$(TARGET_NAME)";
				SWIFT_EMIT_LOC_STRINGS = NO;
				SWIFT_VERSION = 5.0;
				TARGETED_DEVICE_FAMILY = "1,2";
				TEST_HOST = "$(BUILT_PRODUCTS_DIR)/SS-Example.app/$(BUNDLE_EXECUTABLE_FOLDER_PATH)/SS-Example";
			};
			name = Release;
		};
		233C79692E5C4154007664F6 /* Debug */ = {
			isa = XCBuildConfiguration;
			buildSettings = {
				CODE_SIGN_STYLE = Automatic;
				CURRENT_PROJECT_VERSION = 1;
				DEVELOPMENT_TEAM = R25D8C74JA;
				GENERATE_INFOPLIST_FILE = YES;
				MARKETING_VERSION = 1.0;
				PRODUCT_BUNDLE_IDENTIFIER = "com.subaiii.SS-ExampleUITests";
				PRODUCT_NAME = "$(TARGET_NAME)";
				SWIFT_EMIT_LOC_STRINGS = NO;
				SWIFT_VERSION = 5.0;
				TARGETED_DEVICE_FAMILY = "1,2";
				TEST_TARGET_NAME = "SS-Example";
			};
			name = Debug;
		};
		233C796A2E5C4154007664F6 /* Release */ = {
			isa = XCBuildConfiguration;
			buildSettings = {
				CODE_SIGN_STYLE = Automatic;
				CURRENT_PROJECT_VERSION = 1;
				DEVELOPMENT_TEAM = R25D8C74JA;
				GENERATE_INFOPLIST_FILE = YES;
				MARKETING_VERSION = 1.0;
				PRODUCT_BUNDLE_IDENTIFIER = "com.subaiii.SS-ExampleUITests";
				PRODUCT_NAME = "$(TARGET_NAME)";
				SWIFT_EMIT_LOC_STRINGS = NO;
				SWIFT_VERSION = 5.0;
				TARGETED_DEVICE_FAMILY = "1,2";
				TEST_TARGET_NAME = "SS-Example";
			};
			name = Release;
		};
/* End XCBuildConfiguration section */

/* Begin XCConfigurationList section */
		233C79322E5C4153007664F6 /* Build configuration list for PBXProject "SS-Example" */ = {
			isa = XCConfigurationList;
			buildConfigurations = (
				233C79632E5C4154007664F6 /* Debug */,
				233C79642E5C4154007664F6 /* Release */,
			);
			defaultConfigurationIsVisible = 0;
			defaultConfigurationName = Release;
		};
		233C79602E5C4154007664F6 /* Build configuration list for PBXNativeTarget "SS-Example" */ = {
			isa = XCConfigurationList;
			buildConfigurations = (
				233C79612E5C4154007664F6 /* Debug */,
				233C79622E5C4154007664F6 /* Release */,
			);
			defaultConfigurationIsVisible = 0;
			defaultConfigurationName = Release;
		};
		233C79652E5C4154007664F6 /* Build configuration list for PBXNativeTarget "SS-ExampleTests" */ = {
			isa = XCConfigurationList;
			buildConfigurations = (
				233C79662E5C4154007664F6 /* Debug */,
				233C79672E5C4154007664F6 /* Release */,
			);
			defaultConfigurationIsVisible = 0;
			defaultConfigurationName = Release;
		};
		233C79682E5C4154007664F6 /* Build configuration list for PBXNativeTarget "SS-ExampleUITests" */ = {
			isa = XCConfigurationList;
			buildConfigurations = (
				233C79692E5C4154007664F6 /* Debug */,
				233C796A2E5C4154007664F6 /* Release */,
			);
			defaultConfigurationIsVisible = 0;
			defaultConfigurationName = Release;
		};
/* End XCConfigurationList section */

/* Begin XCLocalSwiftPackageReference section */
		233C79812E5C41EE007664F6 /* XCLocalSwiftPackageReference "../../ScrollableSegment" */ = {
			isa = XCLocalSwiftPackageReference;
			relativePath = ../../ScrollableSegment;
		};
/* End XCLocalSwiftPackageReference section */

/* Begin XCRemoteSwiftPackageReference section */
		234D2B2F2E5C4DCB00BB9F57 /* XCRemoteSwiftPackageReference "Yang" */ = {
			isa = XCRemoteSwiftPackageReference;
			repositoryURL = "https://github.com/huangwenfei/Yang";
			requirement = {
				kind = upToNextMajorVersion;
				minimumVersion = 0.0.2;
			};
		};
/* End XCRemoteSwiftPackageReference section */

/* Begin XCSwiftPackageProductDependency section */
		233C79822E5C41EE007664F6 /* ScrollableSegment */ = {
			isa = XCSwiftPackageProductDependency;
			productName = ScrollableSegment;
		};
		234D2B302E5C4DCB00BB9F57 /* Yang */ = {
			isa = XCSwiftPackageProductDependency;
			package = 234D2B2F2E5C4DCB00BB9F57 /* XCRemoteSwiftPackageReference "Yang" */;
			productName = Yang;
		};
/* End XCSwiftPackageProductDependency section */
	};
	rootObject = 233C792F2E5C4153007664F6 /* Project object */;
}
